// !$*UTF8*$!
{
	archiveVersion = 1;
	classes = {
	};
	objectVersion = 77;
	objects = {

/* Begin PBXGroup section */
		1C41B7FC2D0B8A9A0012CB45 = {
			isa = PBXGroup;
			children = (
			);
			sourceTree = "<group>";
		};
/* End PBXGroup section */

/* Begin PBXProject section */
		1C41B7FD2D0B8A9A0012CB45 /* Project object */ = {
			isa = PBXProject;
			attributes = {
				BuildIndependentTargetsInParallel = 1;
				LastUpgradeCheck = 1610;
			};
			buildConfigurationList = 1C41B8002D0B8A9A0012CB45 /* Build configuration list for PBXProject "FundamentosDeSwift" */;
			developmentRegion = en;
			hasScannedForEncodings = 0;
			knownRegions = (
				en,
				Base,
			);
			mainGroup = 1C41B7FC2D0B8A9A0012CB45;
			minimizedProjectReferenceProxies = 1;
			preferredProjectObjectVersion = 77;
			projectDirPath = "";
			projectRoot = "";
			targets = (
			);
		};
/* End PBXProject section */

/* Begin XCBuildConfiguration section */
		1C41B8012D0B8A9A0012CB45 /* Debug */ = {
			isa = XCBuildConfiguration;
			buildSettings = {
			};
			name = Debug;
		};
		1C41B8022D0B8A9A0012CB45 /* Release */ = {
			isa = XCBuildConfiguration;
			buildSettings = {
			};
			name = Release;
		};
/* End XCBuildConfiguration section */

/* Begin XCConfigurationList section */
		1C41B8002D0B8A9A0012CB45 /* Build configuration list for PBXProject "FundamentosDeSwift" */ = {
			isa = XCConfigurationList;
			buildConfigurations = (
				1C41B8012D0B8A9A0012CB45 /* Debug */,
				1C41B8022D0B8A9A0012CB45 /* Release */,
			);
			defaultConfigurationIsVisible = 0;
			defaultConfigurationName = Release;
		};
/* End XCConfigurationList section */
	};
	rootObject = 1C41B7FD2D0B8A9A0012CB45 /* Project object */;
}
